
Microsoft Visual Studio Solution File, Format Version 12.00
# Visual Studio Version 17
VisualStudioVersion = 17.8.34408.163
MinimumVisualStudioVersion = 10.0.40219.1
Project("{9A19103F-16F7-4668-BE54-9A1E7A4F7556}") = "ACT1TestingSortingMethods", "ACT1TestingSortingMethods\ACT1TestingSortingMethods.csproj", "{F146EC17-FAD4-4CB5-9DDB-9105E2B843D1}"
EndProject
Project("{9A19103F-16F7-4668-BE54-9A1E7A4F7556}") = "ACT2VisitWithGoodTime", "ACT2VisitWithGoodTime\ACT2VisitWithGoodTime.csproj", "{902A7AC6-C271-49DB-985F-376FB90F205B}"
EndProject
Project("{9A19103F-16F7-4668-BE54-9A1E7A4F7556}") = "ACT3HowManyDaysHaveGoneBy", "ACT3HowManyDaysHaveGoneBy\ACT3HowManyDaysHaveGoneBy.csproj", "{7B35491F-D973-4DCF-953B-90AB953F9D72}"
EndProject
Project("{9A19103F-16F7-4668-BE54-9A1E7A4F7556}") = "ACT4WhichIsBigger", "ACT4WhichIsBigger\ACT4WhichIsBigger.csproj", "{1D8361AA-621F-4C63-AAAD-2A569CB5BF02}"
EndProject
Project("{9A19103F-16F7-4668-BE54-9A1E7A4F7556}") = "ACT5GetWeekDay", "ACT5GetWeekDay\ACT5GetWeekDay.csproj", "{1BD1FE5D-A5E5-4E54-A7A3-C1A21FA618E8}"
EndProject
Project("{9A19103F-16F7-4668-BE54-9A1E7A4F7556}") = "ACT6EmployeeWithDates", "ACT6EmployeeWithDates\ACT6EmployeeWithDates.csproj", "{5C3A3417-6109-4A29-95CB-6119DB068D02}"
EndProject
Project("{9A19103F-16F7-4668-BE54-9A1E7A4F7556}") = "ACT7ExtendClassEmployee", "ACT7ExtendClassEmployee\ACT7ExtendClassEmployee.csproj", "{9152589E-7313-4220-8E6E-8159616756D9}"
EndProject
Project("{9A19103F-16F7-4668-BE54-9A1E7A4F7556}") = "ACT8SumList", "ACT8SumList\ACT8SumList.csproj", "{E3869477-5235-4097-A711-C49BF735FA27}"
EndProject
Project("{9A19103F-16F7-4668-BE54-9A1E7A4F7556}") = "ACT9FilterEvenNum", "ACT9FilterEvenNum\ACT9FilterEvenNum.csproj", "{6D16DB9E-2033-49E1-BB11-D74B29EA3CE4}"
EndProject
Project("{9A19103F-16F7-4668-BE54-9A1E7A4F7556}") = "ACT10ArrayToList", "ACT10ArrayToList\ACT10ArrayToList.csproj", "{FC6F144B-C8E6-4F46-A147-028D26E259D1}"
EndProject
Project("{9A19103F-16F7-4668-BE54-9A1E7A4F7556}") = "ACT11EmployeerDictionary", "ACT11EmployeerDictionary\ACT11EmployeerDictionary.csproj", "{F9EA1822-3049-46D7-AFBE-9BDEE939E730}"
EndProject
Project("{9A19103F-16F7-4668-BE54-9A1E7A4F7556}") = "ACT12DeleteSpecificValues", "ACT12DeleteSpecificValues\ACT12DeleteSpecificValues.csproj", "{AE6F8F28-E59C-49BA-993B-C308FEFE229B}"
EndProject
Project("{9A19103F-16F7-4668-BE54-9A1E7A4F7556}") = "ACT18DelegateMethod", "ACT18DelegateMethod\ACT18DelegateMethod.csproj", "{013AB040-C2CE-49D9-BB81-3EE2363361C5}"
EndProject
Project("{9A19103F-16F7-4668-BE54-9A1E7A4F7556}") = "ACT19CalcPOWusingDelegate", "ACT19CalcPOWusingDelegate\ACT19CalcPOWusingDelegate.csproj", "{EEAE452A-7D3F-4419-BC11-F203ABC419C0}"
EndProject
Project("{9A19103F-16F7-4668-BE54-9A1E7A4F7556}") = "ACT20SquareRootWithDelegate", "ACT20SquareRootWithDelegate\ACT20SquareRootWithDelegate.csproj", "{729C9B2C-A01F-47F8-B954-CEA03F237D5E}"
EndProject
Project("{FAE04EC0-301F-11D3-BF4B-00C04F79EFBC}") = "ACT21AvgDelegate", "ACT21AvgDelegate\ACT21AvgDelegate.csproj", "{DAB2C912-7815-4763-B37A-4BABC1FDD079}"
EndProject
Project("{FAE04EC0-301F-11D3-BF4B-00C04F79EFBC}") = "ACT22DelegateCaseScenarios", "ACT22DelegateCaseScenarios\ACT22DelegateCaseScenarios.csproj", "{1FFAD24B-BE9C-46CE-868E-D4BE9A861CC0}"
EndProject
Project("{FAE04EC0-301F-11D3-BF4B-00C04F79EFBC}") = "ACT23FibonacciDelegate", "ACT23FibonacciDelegate\ACT23FibonacciDelegate.csproj", "{26437FE4-AA70-4057-8EBB-8C89A4E19597}"
EndProject
Project("{FAE04EC0-301F-11D3-BF4B-00C04F79EFBC}") = "ACT24IsNaturalDelegate", "ACT24IsNaturalDelegate\ACT24IsNaturalDelegate.csproj", "{F366A6CA-D309-4365-B7E0-B4313EE63050}"
EndProject
Project("{FAE04EC0-301F-11D3-BF4B-00C04F79EFBC}") = "ACT25IdentifierMethods", "ACT25IdentifierMethods\ACT25IdentifierMethods.csproj", "{1A273CFE-F6FC-4FCB-9D4F-1645449A0B15}"
EndProject
Global
	GlobalSection(SolutionConfigurationPlatforms) = preSolution
		Debug|Any CPU = Debug|Any CPU
		Release|Any CPU = Release|Any CPU
	EndGlobalSection
	GlobalSection(ProjectConfigurationPlatforms) = postSolution
		{F146EC17-FAD4-4CB5-9DDB-9105E2B843D1}.Debug|Any CPU.ActiveCfg = Debug|Any CPU
		{F146EC17-FAD4-4CB5-9DDB-9105E2B843D1}.Debug|Any CPU.Build.0 = Debug|Any CPU
		{F146EC17-FAD4-4CB5-9DDB-9105E2B843D1}.Release|Any CPU.ActiveCfg = Release|Any CPU
		{F146EC17-FAD4-4CB5-9DDB-9105E2B843D1}.Release|Any CPU.Build.0 = Release|Any CPU
		{902A7AC6-C271-49DB-985F-376FB90F205B}.Debug|Any CPU.ActiveCfg = Debug|Any CPU
		{902A7AC6-C271-49DB-985F-376FB90F205B}.Debug|Any CPU.Build.0 = Debug|Any CPU
		{902A7AC6-C271-49DB-985F-376FB90F205B}.Release|Any CPU.ActiveCfg = Release|Any CPU
		{902A7AC6-C271-49DB-985F-376FB90F205B}.Release|Any CPU.Build.0 = Release|Any CPU
		{7B35491F-D973-4DCF-953B-90AB953F9D72}.Debug|Any CPU.ActiveCfg = Debug|Any CPU
		{7B35491F-D973-4DCF-953B-90AB953F9D72}.Debug|Any CPU.Build.0 = Debug|Any CPU
		{7B35491F-D973-4DCF-953B-90AB953F9D72}.Release|Any CPU.ActiveCfg = Release|Any CPU
		{7B35491F-D973-4DCF-953B-90AB953F9D72}.Release|Any CPU.Build.0 = Release|Any CPU
		{1D8361AA-621F-4C63-AAAD-2A569CB5BF02}.Debug|Any CPU.ActiveCfg = Debug|Any CPU
		{1D8361AA-621F-4C63-AAAD-2A569CB5BF02}.Debug|Any CPU.Build.0 = Debug|Any CPU
		{1D8361AA-621F-4C63-AAAD-2A569CB5BF02}.Release|Any CPU.ActiveCfg = Release|Any CPU
		{1D8361AA-621F-4C63-AAAD-2A569CB5BF02}.Release|Any CPU.Build.0 = Release|Any CPU
		{1BD1FE5D-A5E5-4E54-A7A3-C1A21FA618E8}.Debug|Any CPU.ActiveCfg = Debug|Any CPU
		{1BD1FE5D-A5E5-4E54-A7A3-C1A21FA618E8}.Debug|Any CPU.Build.0 = Debug|Any CPU
		{1BD1FE5D-A5E5-4E54-A7A3-C1A21FA618E8}.Release|Any CPU.ActiveCfg = Release|Any CPU
		{1BD1FE5D-A5E5-4E54-A7A3-C1A21FA618E8}.Release|Any CPU.Build.0 = Release|Any CPU
		{5C3A3417-6109-4A29-95CB-6119DB068D02}.Debug|Any CPU.ActiveCfg = Debug|Any CPU
		{5C3A3417-6109-4A29-95CB-6119DB068D02}.Debug|Any CPU.Build.0 = Debug|Any CPU
		{5C3A3417-6109-4A29-95CB-6119DB068D02}.Release|Any CPU.ActiveCfg = Release|Any CPU
		{5C3A3417-6109-4A29-95CB-6119DB068D02}.Release|Any CPU.Build.0 = Release|Any CPU
		{9152589E-7313-4220-8E6E-8159616756D9}.Debug|Any CPU.ActiveCfg = Debug|Any CPU
		{9152589E-7313-4220-8E6E-8159616756D9}.Debug|Any CPU.Build.0 = Debug|Any CPU
		{9152589E-7313-4220-8E6E-8159616756D9}.Release|Any CPU.ActiveCfg = Release|Any CPU
		{9152589E-7313-4220-8E6E-8159616756D9}.Release|Any CPU.Build.0 = Release|Any CPU
		{E3869477-5235-4097-A711-C49BF735FA27}.Debug|Any CPU.ActiveCfg = Debug|Any CPU
		{E3869477-5235-4097-A711-C49BF735FA27}.Debug|Any CPU.Build.0 = Debug|Any CPU
		{E3869477-5235-4097-A711-C49BF735FA27}.Release|Any CPU.ActiveCfg = Release|Any CPU
		{E3869477-5235-4097-A711-C49BF735FA27}.Release|Any CPU.Build.0 = Release|Any CPU
		{6D16DB9E-2033-49E1-BB11-D74B29EA3CE4}.Debug|Any CPU.ActiveCfg = Debug|Any CPU
		{6D16DB9E-2033-49E1-BB11-D74B29EA3CE4}.Debug|Any CPU.Build.0 = Debug|Any CPU
		{6D16DB9E-2033-49E1-BB11-D74B29EA3CE4}.Release|Any CPU.ActiveCfg = Release|Any CPU
		{6D16DB9E-2033-49E1-BB11-D74B29EA3CE4}.Release|Any CPU.Build.0 = Release|Any CPU
		{FC6F144B-C8E6-4F46-A147-028D26E259D1}.Debug|Any CPU.ActiveCfg = Debug|Any CPU
		{FC6F144B-C8E6-4F46-A147-028D26E259D1}.Debug|Any CPU.Build.0 = Debug|Any CPU
		{FC6F144B-C8E6-4F46-A147-028D26E259D1}.Release|Any CPU.ActiveCfg = Release|Any CPU
		{FC6F144B-C8E6-4F46-A147-028D26E259D1}.Release|Any CPU.Build.0 = Release|Any CPU
		{F9EA1822-3049-46D7-AFBE-9BDEE939E730}.Debug|Any CPU.ActiveCfg = Debug|Any CPU
		{F9EA1822-3049-46D7-AFBE-9BDEE939E730}.Debug|Any CPU.Build.0 = Debug|Any CPU
		{F9EA1822-3049-46D7-AFBE-9BDEE939E730}.Release|Any CPU.ActiveCfg = Release|Any CPU
		{F9EA1822-3049-46D7-AFBE-9BDEE939E730}.Release|Any CPU.Build.0 = Release|Any CPU
		{AE6F8F28-E59C-49BA-993B-C308FEFE229B}.Debug|Any CPU.ActiveCfg = Debug|Any CPU
		{AE6F8F28-E59C-49BA-993B-C308FEFE229B}.Debug|Any CPU.Build.0 = Debug|Any CPU
		{AE6F8F28-E59C-49BA-993B-C308FEFE229B}.Release|Any CPU.ActiveCfg = Release|Any CPU
		{AE6F8F28-E59C-49BA-993B-C308FEFE229B}.Release|Any CPU.Build.0 = Release|Any CPU
		{013AB040-C2CE-49D9-BB81-3EE2363361C5}.Debug|Any CPU.ActiveCfg = Debug|Any CPU
		{013AB040-C2CE-49D9-BB81-3EE2363361C5}.Debug|Any CPU.Build.0 = Debug|Any CPU
		{013AB040-C2CE-49D9-BB81-3EE2363361C5}.Release|Any CPU.ActiveCfg = Release|Any CPU
		{013AB040-C2CE-49D9-BB81-3EE2363361C5}.Release|Any CPU.Build.0 = Release|Any CPU
		{EEAE452A-7D3F-4419-BC11-F203ABC419C0}.Debug|Any CPU.ActiveCfg = Debug|Any CPU
		{EEAE452A-7D3F-4419-BC11-F203ABC419C0}.Debug|Any CPU.Build.0 = Debug|Any CPU
		{EEAE452A-7D3F-4419-BC11-F203ABC419C0}.Release|Any CPU.ActiveCfg = Release|Any CPU
		{EEAE452A-7D3F-4419-BC11-F203ABC419C0}.Release|Any CPU.Build.0 = Release|Any CPU
		{729C9B2C-A01F-47F8-B954-CEA03F237D5E}.Debug|Any CPU.ActiveCfg = Debug|Any CPU
		{729C9B2C-A01F-47F8-B954-CEA03F237D5E}.Debug|Any CPU.Build.0 = Debug|Any CPU
		{729C9B2C-A01F-47F8-B954-CEA03F237D5E}.Release|Any CPU.ActiveCfg = Release|Any CPU
		{729C9B2C-A01F-47F8-B954-CEA03F237D5E}.Release|Any CPU.Build.0 = Release|Any CPU
		{DAB2C912-7815-4763-B37A-4BABC1FDD079}.Debug|Any CPU.ActiveCfg = Debug|Any CPU
		{DAB2C912-7815-4763-B37A-4BABC1FDD079}.Debug|Any CPU.Build.0 = Debug|Any CPU
		{DAB2C912-7815-4763-B37A-4BABC1FDD079}.Release|Any CPU.ActiveCfg = Release|Any CPU
		{DAB2C912-7815-4763-B37A-4BABC1FDD079}.Release|Any CPU.Build.0 = Release|Any CPU
		{1FFAD24B-BE9C-46CE-868E-D4BE9A861CC0}.Debug|Any CPU.ActiveCfg = Debug|Any CPU
		{1FFAD24B-BE9C-46CE-868E-D4BE9A861CC0}.Debug|Any CPU.Build.0 = Debug|Any CPU
		{1FFAD24B-BE9C-46CE-868E-D4BE9A861CC0}.Release|Any CPU.ActiveCfg = Release|Any CPU
		{1FFAD24B-BE9C-46CE-868E-D4BE9A861CC0}.Release|Any CPU.Build.0 = Release|Any CPU
		{26437FE4-AA70-4057-8EBB-8C89A4E19597}.Debug|Any CPU.ActiveCfg = Debug|Any CPU
		{26437FE4-AA70-4057-8EBB-8C89A4E19597}.Debug|Any CPU.Build.0 = Debug|Any CPU
		{26437FE4-AA70-4057-8EBB-8C89A4E19597}.Release|Any CPU.ActiveCfg = Release|Any CPU
		{26437FE4-AA70-4057-8EBB-8C89A4E19597}.Release|Any CPU.Build.0 = Release|Any CPU
		{F366A6CA-D309-4365-B7E0-B4313EE63050}.Debug|Any CPU.ActiveCfg = Debug|Any CPU
		{F366A6CA-D309-4365-B7E0-B4313EE63050}.Debug|Any CPU.Build.0 = Debug|Any CPU
		{F366A6CA-D309-4365-B7E0-B4313EE63050}.Release|Any CPU.ActiveCfg = Release|Any CPU
		{F366A6CA-D309-4365-B7E0-B4313EE63050}.Release|Any CPU.Build.0 = Release|Any CPU
		{1A273CFE-F6FC-4FCB-9D4F-1645449A0B15}.Debug|Any CPU.ActiveCfg = Debug|Any CPU
		{1A273CFE-F6FC-4FCB-9D4F-1645449A0B15}.Debug|Any CPU.Build.0 = Debug|Any CPU
		{1A273CFE-F6FC-4FCB-9D4F-1645449A0B15}.Release|Any CPU.ActiveCfg = Release|Any CPU
		{1A273CFE-F6FC-4FCB-9D4F-1645449A0B15}.Release|Any CPU.Build.0 = Release|Any CPU
	EndGlobalSection
	GlobalSection(SolutionProperties) = preSolution
		HideSolutionNode = FALSE
	EndGlobalSection
	GlobalSection(ExtensibilityGlobals) = postSolution
		SolutionGuid = {D8ACFBEA-73CF-47F3-93BD-AD645AEEA0E6}
	EndGlobalSection
EndGlobal
